
Microsoft Visual Studio Solution File, Format Version 12.00
# Visual Studio Version 17
VisualStudioVersion = 17.0.31903.59
MinimumVisualStudioVersion = 10.0.40219.1
Project("{FAE04EC0-301F-11D3-BF4B-00C04F79EFBC}") = "GrapphQLExample", "GrapphQLExample\GrapphQLExample.csproj", "{8B7E9D5B-5218-4081-BE25-ADCB475B68A2}"
EndProject
Project("{FAE04EC0-301F-11D3-BF4B-00C04F79EFBC}") = "JsonSchemaExample", "JsonSchemaExample\JsonSchemaExample.csproj", "{5DF4B6FA-9D51-415F-8046-6194C6A39C83}"
EndProject
Project("{FAE04EC0-301F-11D3-BF4B-00C04F79EFBC}") = "ProtoBufExample", "ProtoBufExample\ProtoBufExample.csproj", "{D60F993F-6643-400E-AF17-4A5DFFF6638A}"
EndProject
Global
	GlobalSection(SolutionConfigurationPlatforms) = preSolution
		Debug|Any CPU = Debug|Any CPU
		Release|Any CPU = Release|Any CPU
	EndGlobalSection
	GlobalSection(SolutionProperties) = preSolution
		HideSolutionNode = FALSE
	EndGlobalSection
	GlobalSection(ProjectConfigurationPlatforms) = postSolution
		{8B7E9D5B-5218-4081-BE25-ADCB475B68A2}.Debug|Any CPU.ActiveCfg = Debug|Any CPU
		{8B7E9D5B-5218-4081-BE25-ADCB475B68A2}.Debug|Any CPU.Build.0 = Debug|Any CPU
		{8B7E9D5B-5218-4081-BE25-ADCB475B68A2}.Release|Any CPU.ActiveCfg = Release|Any CPU
		{8B7E9D5B-5218-4081-BE25-ADCB475B68A2}.Release|Any CPU.Build.0 = Release|Any CPU
		{5DF4B6FA-9D51-415F-8046-6194C6A39C83}.Debug|Any CPU.ActiveCfg = Debug|Any CPU
		{5DF4B6FA-9D51-415F-8046-6194C6A39C83}.Debug|Any CPU.Build.0 = Debug|Any CPU
		{5DF4B6FA-9D51-415F-8046-6194C6A39C83}.Release|Any CPU.ActiveCfg = Release|Any CPU
		{5DF4B6FA-9D51-415F-8046-6194C6A39C83}.Release|Any CPU.Build.0 = Release|Any CPU
		{D60F993F-6643-400E-AF17-4A5DFFF6638A}.Debug|Any CPU.ActiveCfg = Debug|Any CPU
		{D60F993F-6643-400E-AF17-4A5DFFF6638A}.Debug|Any CPU.Build.0 = Debug|Any CPU
		{D60F993F-6643-400E-AF17-4A5DFFF6638A}.Release|Any CPU.ActiveCfg = Release|Any CPU
		{D60F993F-6643-400E-AF17-4A5DFFF6638A}.Release|Any CPU.Build.0 = Release|Any CPU
	EndGlobalSection
EndGlobal
